# This file is autogenerated, do not edit; changes may be undone by the next 'dep ensure'.


[[projects]]
  name = "github.com/mattn/go-sqlite3"
  packages = ["."]
  revision = "ca5e3819723d8eeaf170ad510e7da1d6d2e94a08"
  version = "v1.2.0"

[[projects]]
  branch = "master"
  name = "github.com/roobert/golang-db"
  packages = ["."]
  revision = "cc8a987728b50f8e8bae1157ad550ea67cdf12f1"

[[projects]]
  branch = "master"
  name = "github.com/roobert/golang-error"
  packages = ["."]
  revision = "c83f9a4de5c28bf32cfbf85dc7749f428fe5ba9b"

[[projects]]
  branch = "master"
  name = "golang.org/x/net"
  packages = ["context"]
  revision = "1087133bc4af3073e18add999345c6ae75918503"

[solve-meta]
  analyzer-name = "dep"
  analyzer-version = 1
  inputs-digest = "45b58a12df73d8d9f691596b7aded186a44de1fa57d136da68f2fd4ca3cbca60"
  solver-name = "gps-cdcl"
  solver-version = 1
